// !$*UTF8*$!
{
	archiveVersion = 1;
	classes = {
	};
	objectVersion = 46;
	objects = {

/* Begin PBXBuildFile section */
		BC6CA02D199DB7B600188872 /* DataBaseSimple.m in Sources */ = {isa = PBXBuildFile; fileRef = BC6CA02C199DB7B600188872 /* DataBaseSimple.m */; };
		BC6CA039199DDAB400188872 /* FMDatabase.m in Sources */ = {isa = PBXBuildFile; fileRef = BC6CA030199DDAB400188872 /* FMDatabase.m */; settings = {COMPILER_FLAGS = "-fno-objc-arc"; }; };
		BC6CA03A199DDAB400188872 /* FMDatabaseAdditions.m in Sources */ = {isa = PBXBuildFile; fileRef = BC6CA032199DDAB400188872 /* FMDatabaseAdditions.m */; settings = {COMPILER_FLAGS = "-fno-objc-arc"; }; };
		BC6CA03B199DDAB400188872 /* FMDatabasePool.m in Sources */ = {isa = PBXBuildFile; fileRef = BC6CA034199DDAB400188872 /* FMDatabasePool.m */; settings = {COMPILER_FLAGS = "-fno-objc-arc"; }; };
		BC6CA03C199DDAB400188872 /* FMDatabaseQueue.m in Sources */ = {isa = PBXBuildFile; fileRef = BC6CA036199DDAB400188872 /* FMDatabaseQueue.m */; settings = {COMPILER_FLAGS = "-fno-objc-arc"; }; };
		BC6CA03D199DDAB400188872 /* FMResultSet.m in Sources */ = {isa = PBXBuildFile; fileRef = BC6CA038199DDAB400188872 /* FMResultSet.m */; settings = {COMPILER_FLAGS = "-fno-objc-arc"; }; };
		BC6CA03F199DDAD600188872 /* libsqlite3.dylib in Frameworks */ = {isa = PBXBuildFile; fileRef = BC6CA03E199DDAD600188872 /* libsqlite3.dylib */; };
		D8522B5119984E2C00F59B50 /* Foundation.framework in Frameworks */ = {isa = PBXBuildFile; fileRef = D8522B5019984E2C00F59B50 /* Foundation.framework */; };
		D8522B5319984E2C00F59B50 /* CoreGraphics.framework in Frameworks */ = {isa = PBXBuildFile; fileRef = D8522B5219984E2C00F59B50 /* CoreGraphics.framework */; };
		D8522B5519984E2C00F59B50 /* UIKit.framework in Frameworks */ = {isa = PBXBuildFile; fileRef = D8522B5419984E2C00F59B50 /* UIKit.framework */; };
		D8522B5B19984E2C00F59B50 /* InfoPlist.strings in Resources */ = {isa = PBXBuildFile; fileRef = D8522B5919984E2C00F59B50 /* InfoPlist.strings */; };
		D8522B5D19984E2C00F59B50 /* main.m in Sources */ = {isa = PBXBuildFile; fileRef = D8522B5C19984E2C00F59B50 /* main.m */; };
		D8522B6119984E2C00F59B50 /* AppDelegate.m in Sources */ = {isa = PBXBuildFile; fileRef = D8522B6019984E2C00F59B50 /* AppDelegate.m */; };
		D8522B6319984E2C00F59B50 /* Images.xcassets in Resources */ = {isa = PBXBuildFile; fileRef = D8522B6219984E2C00F59B50 /* Images.xcassets */; };
		D8522B6A19984E2C00F59B50 /* XCTest.framework in Frameworks */ = {isa = PBXBuildFile; fileRef = D8522B6919984E2C00F59B50 /* XCTest.framework */; };
		D8522B6B19984E2C00F59B50 /* Foundation.framework in Frameworks */ = {isa = PBXBuildFile; fileRef = D8522B5019984E2C00F59B50 /* Foundation.framework */; };
		D8522B6C19984E2C00F59B50 /* UIKit.framework in Frameworks */ = {isa = PBXBuildFile; fileRef = D8522B5419984E2C00F59B50 /* UIKit.framework */; };
		D8522B7419984E2D00F59B50 /* InfoPlist.strings in Resources */ = {isa = PBXBuildFile; fileRef = D8522B7219984E2D00F59B50 /* InfoPlist.strings */; };
		D8522B7619984E2D00F59B50 /* UITestDemoTests.m in Sources */ = {isa = PBXBuildFile; fileRef = D8522B7519984E2D00F59B50 /* UITestDemoTests.m */; };
		D8522B8119984E5200F59B50 /* ViewController1.m in Sources */ = {isa = PBXBuildFile; fileRef = D8522B8019984E5200F59B50 /* ViewController1.m */; };
		D8522B8419984E5D00F59B50 /* ViewController2.m in Sources */ = {isa = PBXBuildFile; fileRef = D8522B8319984E5D00F59B50 /* ViewController2.m */; };
		D8522B8719984E6700F59B50 /* ViewController3.m in Sources */ = {isa = PBXBuildFile; fileRef = D8522B8619984E6700F59B50 /* ViewController3.m */; };
		D8522B8A19984E7100F59B50 /* ViewController4.m in Sources */ = {isa = PBXBuildFile; fileRef = D8522B8919984E7100F59B50 /* ViewController4.m */; };
		D8522B8D19984E7B00F59B50 /* ViewController5.m in Sources */ = {isa = PBXBuildFile; fileRef = D8522B8C19984E7B00F59B50 /* ViewController5.m */; };
		D8522B8F199869F000F59B50 /* ViewController4.xib in Resources */ = {isa = PBXBuildFile; fileRef = D8522B8E199869F000F59B50 /* ViewController4.xib */; };
		D8522B9219986CA100F59B50 /* UserModel.m in Sources */ = {isa = PBXBuildFile; fileRef = D8522B9119986CA100F59B50 /* UserModel.m */; };
		D8522B96199873C500F59B50 /* CustomCell.m in Sources */ = {isa = PBXBuildFile; fileRef = D8522B94199873C500F59B50 /* CustomCell.m */; };
		D8522B97199873C500F59B50 /* CustomCell.xib in Resources */ = {isa = PBXBuildFile; fileRef = D8522B95199873C500F59B50 /* CustomCell.xib */; };
/* End PBXBuildFile section */

/* Begin PBXContainerItemProxy section */
		D8522B6D19984E2C00F59B50 /* PBXContainerItemProxy */ = {
			isa = PBXContainerItemProxy;
			containerPortal = D8522B4519984E2C00F59B50 /* Project object */;
			proxyType = 1;
			remoteGlobalIDString = D8522B4C19984E2C00F59B50;
			remoteInfo = UITestDemo;
		};
/* End PBXContainerItemProxy section */

/* Begin PBXFileReference section */
		BC6CA02B199DB7B600188872 /* DataBaseSimple.h */ = {isa = PBXFileReference; fileEncoding = 4; lastKnownFileType = sourcecode.c.h; path = DataBaseSimple.h; sourceTree = "<group>"; };
		BC6CA02C199DB7B600188872 /* DataBaseSimple.m */ = {isa = PBXFileReference; fileEncoding = 4; lastKnownFileType = sourcecode.c.objc; path = DataBaseSimple.m; sourceTree = "<group>"; };
		BC6CA02F199DDAB400188872 /* FMDatabase.h */ = {isa = PBXFileReference; fileEncoding = 4; lastKnownFileType = sourcecode.c.h; path = FMDatabase.h; sourceTree = "<group>"; };
		BC6CA030199DDAB400188872 /* FMDatabase.m */ = {isa = PBXFileReference; fileEncoding = 4; lastKnownFileType = sourcecode.c.objc; path = FMDatabase.m; sourceTree = "<group>"; };
		BC6CA031199DDAB400188872 /* FMDatabaseAdditions.h */ = {isa = PBXFileReference; fileEncoding = 4; lastKnownFileType = sourcecode.c.h; path = FMDatabaseAdditions.h; sourceTree = "<group>"; };
		BC6CA032199DDAB400188872 /* FMDatabaseAdditions.m */ = {isa = PBXFileReference; fileEncoding = 4; lastKnownFileType = sourcecode.c.objc; path = FMDatabaseAdditions.m; sourceTree = "<group>"; };
		BC6CA033199DDAB400188872 /* FMDatabasePool.h */ = {isa = PBXFileReference; fileEncoding = 4; lastKnownFileType = sourcecode.c.h; path = FMDatabasePool.h; sourceTree = "<group>"; };
		BC6CA034199DDAB400188872 /* FMDatabasePool.m */ = {isa = PBXFileReference; fileEncoding = 4; lastKnownFileType = sourcecode.c.objc; path = FMDatabasePool.m; sourceTree = "<group>"; };
		BC6CA035199DDAB400188872 /* FMDatabaseQueue.h */ = {isa = PBXFileReference; fileEncoding = 4; lastKnownFileType = sourcecode.c.h; path = FMDatabaseQueue.h; sourceTree = "<group>"; };
		BC6CA036199DDAB400188872 /* FMDatabaseQueue.m */ = {isa = PBXFileReference; fileEncoding = 4; lastKnownFileType = sourcecode.c.objc; path = FMDatabaseQueue.m; sourceTree = "<group>"; };
		BC6CA037199DDAB400188872 /* FMResultSet.h */ = {isa = PBXFileReference; fileEncoding = 4; lastKnownFileType = sourcecode.c.h; path = FMResultSet.h; sourceTree = "<group>"; };
		BC6CA038199DDAB400188872 /* FMResultSet.m */ = {isa = PBXFileReference; fileEncoding = 4; lastKnownFileType = sourcecode.c.objc; path = FMResultSet.m; sourceTree = "<group>"; };
		BC6CA03E199DDAD600188872 /* libsqlite3.dylib */ = {isa = PBXFileReference; lastKnownFileType = "compiled.mach-o.dylib"; name = libsqlite3.dylib; path = usr/lib/libsqlite3.dylib; sourceTree = SDKROOT; };
		D8522B4D19984E2C00F59B50 /* UITestDemo.app */ = {isa = PBXFileReference; explicitFileType = wrapper.application; includeInIndex = 0; path = UITestDemo.app; sourceTree = BUILT_PRODUCTS_DIR; };
		D8522B5019984E2C00F59B50 /* Foundation.framework */ = {isa = PBXFileReference; lastKnownFileType = wrapper.framework; name = Foundation.framework; path = System/Library/Frameworks/Foundation.framework; sourceTree = SDKROOT; };
		D8522B5219984E2C00F59B50 /* CoreGraphics.framework */ = {isa = PBXFileReference; lastKnownFileType = wrapper.framework; name = CoreGraphics.framework; path = System/Library/Frameworks/CoreGraphics.framework; sourceTree = SDKROOT; };
		D8522B5419984E2C00F59B50 /* UIKit.framework */ = {isa = PBXFileReference; lastKnownFileType = wrapper.framework; name = UIKit.framework; path = System/Library/Frameworks/UIKit.framework; sourceTree = SDKROOT; };
		D8522B5819984E2C00F59B50 /* UITestDemo-Info.plist */ = {isa = PBXFileReference; lastKnownFileType = text.plist.xml; path = "UITestDemo-Info.plist"; sourceTree = "<group>"; };
		D8522B5A19984E2C00F59B50 /* en */ = {isa = PBXFileReference; lastKnownFileType = text.plist.strings; name = en; path = en.lproj/InfoPlist.strings; sourceTree = "<group>"; };
		D8522B5C19984E2C00F59B50 /* main.m */ = {isa = PBXFileReference; lastKnownFileType = sourcecode.c.objc; path = main.m; sourceTree = "<group>"; };
		D8522B5E19984E2C00F59B50 /* UITestDemo-Prefix.pch */ = {isa = PBXFileReference; lastKnownFileType = sourcecode.c.h; path = "UITestDemo-Prefix.pch"; sourceTree = "<group>"; };
		D8522B5F19984E2C00F59B50 /* AppDelegate.h */ = {isa = PBXFileReference; lastKnownFileType = sourcecode.c.h; path = AppDelegate.h; sourceTree = "<group>"; };
		D8522B6019984E2C00F59B50 /* AppDelegate.m */ = {isa = PBXFileReference; lastKnownFileType = sourcecode.c.objc; path = AppDelegate.m; sourceTree = "<group>"; };
		D8522B6219984E2C00F59B50 /* Images.xcassets */ = {isa = PBXFileReference; lastKnownFileType = folder.assetcatalog; path = Images.xcassets; sourceTree = "<group>"; };
		D8522B6819984E2C00F59B50 /* UITestDemoTests.xctest */ = {isa = PBXFileReference; explicitFileType = wrapper.cfbundle; includeInIndex = 0; path = UITestDemoTests.xctest; sourceTree = BUILT_PRODUCTS_DIR; };
		D8522B6919984E2C00F59B50 /* XCTest.framework */ = {isa = PBXFileReference; lastKnownFileType = wrapper.framework; name = XCTest.framework; path = Library/Frameworks/XCTest.framework; sourceTree = DEVELOPER_DIR; };
		D8522B7119984E2D00F59B50 /* UITestDemoTests-Info.plist */ = {isa = PBXFileReference; lastKnownFileType = text.plist.xml; path = "UITestDemoTests-Info.plist"; sourceTree = "<group>"; };
		D8522B7319984E2D00F59B50 /* en */ = {isa = PBXFileReference; lastKnownFileType = text.plist.strings; name = en; path = en.lproj/InfoPlist.strings; sourceTree = "<group>"; };
		D8522B7519984E2D00F59B50 /* UITestDemoTests.m */ = {isa = PBXFileReference; lastKnownFileType = sourcecode.c.objc; path = UITestDemoTests.m; sourceTree = "<group>"; };
		D8522B7F19984E5200F59B50 /* ViewController1.h */ = {isa = PBXFileReference; fileEncoding = 4; lastKnownFileType = sourcecode.c.h; path = ViewController1.h; sourceTree = "<group>"; };
		D8522B8019984E5200F59B50 /* ViewController1.m */ = {isa = PBXFileReference; fileEncoding = 4; lastKnownFileType = sourcecode.c.objc; path = ViewController1.m; sourceTree = "<group>"; };
		D8522B8219984E5D00F59B50 /* ViewController2.h */ = {isa = PBXFileReference; fileEncoding = 4; lastKnownFileType = sourcecode.c.h; path = ViewController2.h; sourceTree = "<group>"; };
		D8522B8319984E5D00F59B50 /* ViewController2.m */ = {isa = PBXFileReference; fileEncoding = 4; lastKnownFileType = sourcecode.c.objc; path = ViewController2.m; sourceTree = "<group>"; };
		D8522B8519984E6700F59B50 /* ViewController3.h */ = {isa = PBXFileReference; fileEncoding = 4; lastKnownFileType = sourcecode.c.h; path = ViewController3.h; sourceTree = "<group>"; };
		D8522B8619984E6700F59B50 /* ViewController3.m */ = {isa = PBXFileReference; fileEncoding = 4; lastKnownFileType = sourcecode.c.objc; path = ViewController3.m; sourceTree = "<group>"; };
		D8522B8819984E7100F59B50 /* ViewController4.h */ = {isa = PBXFileReference; fileEncoding = 4; lastKnownFileType = sourcecode.c.h; path = ViewController4.h; sourceTree = "<group>"; };
		D8522B8919984E7100F59B50 /* ViewController4.m */ = {isa = PBXFileReference; fileEncoding = 4; lastKnownFileType = sourcecode.c.objc; path = ViewController4.m; sourceTree = "<group>"; };
		D8522B8B19984E7B00F59B50 /* ViewController5.h */ = {isa = PBXFileReference; fileEncoding = 4; lastKnownFileType = sourcecode.c.h; path = ViewController5.h; sourceTree = "<group>"; };
		D8522B8C19984E7B00F59B50 /* ViewController5.m */ = {isa = PBXFileReference; fileEncoding = 4; lastKnownFileType = sourcecode.c.objc; path = ViewController5.m; sourceTree = "<group>"; };
		D8522B8E199869F000F59B50 /* ViewController4.xib */ = {isa = PBXFileReference; fileEncoding = 4; lastKnownFileType = file.xib; path = ViewController4.xib; sourceTree = "<group>"; };
		D8522B9019986CA100F59B50 /* UserModel.h */ = {isa = PBXFileReference; fileEncoding = 4; lastKnownFileType = sourcecode.c.h; path = UserModel.h; sourceTree = "<group>"; };
		D8522B9119986CA100F59B50 /* UserModel.m */ = {isa = PBXFileReference; fileEncoding = 4; lastKnownFileType = sourcecode.c.objc; path = UserModel.m; sourceTree = "<group>"; };
		D8522B93199873C500F59B50 /* CustomCell.h */ = {isa = PBXFileReference; fileEncoding = 4; lastKnownFileType = sourcecode.c.h; path = CustomCell.h; sourceTree = "<group>"; };
		D8522B94199873C500F59B50 /* CustomCell.m */ = {isa = PBXFileReference; fileEncoding = 4; lastKnownFileType = sourcecode.c.objc; path = CustomCell.m; sourceTree = "<group>"; };
		D8522B95199873C500F59B50 /* CustomCell.xib */ = {isa = PBXFileReference; fileEncoding = 4; lastKnownFileType = file.xib; path = CustomCell.xib; sourceTree = "<group>"; };
/* End PBXFileReference section */

/* Begin PBXFrameworksBuildPhase section */
		D8522B4A19984E2C00F59B50 /* Frameworks */ = {
			isa = PBXFrameworksBuildPhase;
			buildActionMask = 2147483647;
			files = (
				BC6CA03F199DDAD600188872 /* libsqlite3.dylib in Frameworks */,
				D8522B5319984E2C00F59B50 /* CoreGraphics.framework in Frameworks */,
				D8522B5519984E2C00F59B50 /* UIKit.framework in Frameworks */,
				D8522B5119984E2C00F59B50 /* Foundation.framework in Frameworks */,
			);
			runOnlyForDeploymentPostprocessing = 0;
		};
		D8522B6519984E2C00F59B50 /* Frameworks */ = {
			isa = PBXFrameworksBuildPhase;
			buildActionMask = 2147483647;
			files = (
				D8522B6A19984E2C00F59B50 /* XCTest.framework in Frameworks */,
				D8522B6C19984E2C00F59B50 /* UIKit.framework in Frameworks */,
				D8522B6B19984E2C00F59B50 /* Foundation.framework in Frameworks */,
			);
			runOnlyForDeploymentPostprocessing = 0;
		};
/* End PBXFrameworksBuildPhase section */

/* Begin PBXGroup section */
		BC6CA02E199DDAB400188872 /* FMDB */ = {
			isa = PBXGroup;
			children = (
				BC6CA02F199DDAB400188872 /* FMDatabase.h */,
				BC6CA030199DDAB400188872 /* FMDatabase.m */,
				BC6CA031199DDAB400188872 /* FMDatabaseAdditions.h */,
				BC6CA032199DDAB400188872 /* FMDatabaseAdditions.m */,
				BC6CA033199DDAB400188872 /* FMDatabasePool.h */,
				BC6CA034199DDAB400188872 /* FMDatabasePool.m */,
				BC6CA035199DDAB400188872 /* FMDatabaseQueue.h */,
				BC6CA036199DDAB400188872 /* FMDatabaseQueue.m */,
				BC6CA037199DDAB400188872 /* FMResultSet.h */,
				BC6CA038199DDAB400188872 /* FMResultSet.m */,
			);
			path = FMDB;
			sourceTree = "<group>";
		};
		D8522B4419984E2C00F59B50 = {
			isa = PBXGroup;
			children = (
				D8522B5619984E2C00F59B50 /* UITestDemo */,
				D8522B6F19984E2C00F59B50 /* UITestDemoTests */,
				D8522B4F19984E2C00F59B50 /* Frameworks */,
				D8522B4E19984E2C00F59B50 /* Products */,
			);
			sourceTree = "<group>";
		};
		D8522B4E19984E2C00F59B50 /* Products */ = {
			isa = PBXGroup;
			children = (
				D8522B4D19984E2C00F59B50 /* UITestDemo.app */,
				D8522B6819984E2C00F59B50 /* UITestDemoTests.xctest */,
			);
			name = Products;
			sourceTree = "<group>";
		};
		D8522B4F19984E2C00F59B50 /* Frameworks */ = {
			isa = PBXGroup;
			children = (
				BC6CA03E199DDAD600188872 /* libsqlite3.dylib */,
				D8522B5019984E2C00F59B50 /* Foundation.framework */,
				D8522B5219984E2C00F59B50 /* CoreGraphics.framework */,
				D8522B5419984E2C00F59B50 /* UIKit.framework */,
				D8522B6919984E2C00F59B50 /* XCTest.framework */,
			);
			name = Frameworks;
			sourceTree = "<group>";
		};
		D8522B5619984E2C00F59B50 /* UITestDemo */ = {
			isa = PBXGroup;
			children = (
				BC6CA02E199DDAB400188872 /* FMDB */,
				D8522B5F19984E2C00F59B50 /* AppDelegate.h */,
				D8522B6019984E2C00F59B50 /* AppDelegate.m */,
				D8522B6219984E2C00F59B50 /* Images.xcassets */,
				D8522B7F19984E5200F59B50 /* ViewController1.h */,
				D8522B8019984E5200F59B50 /* ViewController1.m */,
				D8522B8219984E5D00F59B50 /* ViewController2.h */,
				D8522B8319984E5D00F59B50 /* ViewController2.m */,
				D8522B8519984E6700F59B50 /* ViewController3.h */,
				D8522B8619984E6700F59B50 /* ViewController3.m */,
				D8522B8819984E7100F59B50 /* ViewController4.h */,
				D8522B8919984E7100F59B50 /* ViewController4.m */,
				D8522B8E199869F000F59B50 /* ViewController4.xib */,
				D8522B93199873C500F59B50 /* CustomCell.h */,
				D8522B94199873C500F59B50 /* CustomCell.m */,
				D8522B95199873C500F59B50 /* CustomCell.xib */,
				D8522B9019986CA100F59B50 /* UserModel.h */,
				D8522B9119986CA100F59B50 /* UserModel.m */,
				D8522B8B19984E7B00F59B50 /* ViewController5.h */,
				D8522B8C19984E7B00F59B50 /* ViewController5.m */,
				BC6CA02B199DB7B600188872 /* DataBaseSimple.h */,
				BC6CA02C199DB7B600188872 /* DataBaseSimple.m */,
				D8522B5719984E2C00F59B50 /* Supporting Files */,
			);
			path = UITestDemo;
			sourceTree = "<group>";
		};
		D8522B5719984E2C00F59B50 /* Supporting Files */ = {
			isa = PBXGroup;
			children = (
				D8522B5819984E2C00F59B50 /* UITestDemo-Info.plist */,
				D8522B5919984E2C00F59B50 /* InfoPlist.strings */,
				D8522B5C19984E2C00F59B50 /* main.m */,
				D8522B5E19984E2C00F59B50 /* UITestDemo-Prefix.pch */,
			);
			name = "Supporting Files";
			sourceTree = "<group>";
		};
		D8522B6F19984E2C00F59B50 /* UITestDemoTests */ = {
			isa = PBXGroup;
			children = (
				D8522B7519984E2D00F59B50 /* UITestDemoTests.m */,
				D8522B7019984E2D00F59B50 /* Supporting Files */,
			);
			path = UITestDemoTests;
			sourceTree = "<group>";
		};
		D8522B7019984E2D00F59B50 /* Supporting Files */ = {
			isa = PBXGroup;
			children = (
				D8522B7119984E2D00F59B50 /* UITestDemoTests-Info.plist */,
				D8522B7219984E2D00F59B50 /* InfoPlist.strings */,
			);
			name = "Supporting Files";
			sourceTree = "<group>";
		};
/* End PBXGroup section */

/* Begin PBXNativeTarget section */
		D8522B4C19984E2C00F59B50 /* UITestDemo */ = {
			isa = PBXNativeTarget;
			buildConfigurationList = D8522B7919984E2D00F59B50 /* Build configuration list for PBXNativeTarget "UITestDemo" */;
			buildPhases = (
				D8522B4919984E2C00F59B50 /* Sources */,
				D8522B4A19984E2C00F59B50 /* Frameworks */,
				D8522B4B19984E2C00F59B50 /* Resources */,
			);
			buildRules = (
			);
			dependencies = (
			);
			name = UITestDemo;
			productName = UITestDemo;
			productReference = D8522B4D19984E2C00F59B50 /* UITestDemo.app */;
			productType = "com.apple.product-type.application";
		};
		D8522B6719984E2C00F59B50 /* UITestDemoTests */ = {
			isa = PBXNativeTarget;
			buildConfigurationList = D8522B7C19984E2D00F59B50 /* Build configuration list for PBXNativeTarget "UITestDemoTests" */;
			buildPhases = (
				D8522B6419984E2C00F59B50 /* Sources */,
				D8522B6519984E2C00F59B50 /* Frameworks */,
				D8522B6619984E2C00F59B50 /* Resources */,
			);
			buildRules = (
			);
			dependencies = (
				D8522B6E19984E2C00F59B50 /* PBXTargetDependency */,
			);
			name = UITestDemoTests;
			productName = UITestDemoTests;
			productReference = D8522B6819984E2C00F59B50 /* UITestDemoTests.xctest */;
			productType = "com.apple.product-type.bundle.unit-test";
		};
/* End PBXNativeTarget section */

/* Begin PBXProject section */
		D8522B4519984E2C00F59B50 /* Project object */ = {
			isa = PBXProject;
			attributes = {
				LastUpgradeCheck = 0510;
				ORGANIZATIONNAME = maozhi;
				TargetAttributes = {
					D8522B4C19984E2C00F59B50 = {
						DevelopmentTeam = EFKCFCL9RB;
						ProvisioningStyle = Automatic;
					};
					D8522B6719984E2C00F59B50 = {
						TestTargetID = D8522B4C19984E2C00F59B50;
					};
				};
			};
			buildConfigurationList = D8522B4819984E2C00F59B50 /* Build configuration list for PBXProject "UITestDemo" */;
			compatibilityVersion = "Xcode 3.2";
			developmentRegion = English;
			hasScannedForEncodings = 0;
			knownRegions = (
				en,
			);
			mainGroup = D8522B4419984E2C00F59B50;
			productRefGroup = D8522B4E19984E2C00F59B50 /* Products */;
			projectDirPath = "";
			projectRoot = "";
			targets = (
				D8522B4C19984E2C00F59B50 /* UITestDemo */,
				D8522B6719984E2C00F59B50 /* UITestDemoTests */,
			);
		};
/* End PBXProject section */

/* Begin PBXResourcesBuildPhase section */
		D8522B4B19984E2C00F59B50 /* Resources */ = {
			isa = PBXResourcesBuildPhase;
			buildActionMask = 2147483647;
			files = (
				D8522B8F199869F000F59B50 /* ViewController4.xib in Resources */,
				D8522B5B19984E2C00F59B50 /* InfoPlist.strings in Resources */,
				D8522B97199873C500F59B50 /* CustomCell.xib in Resources */,
				D8522B6319984E2C00F59B50 /* Images.xcassets in Resources */,
			);
			runOnlyForDeploymentPostprocessing = 0;
		};
		D8522B6619984E2C00F59B50 /* Resources */ = {
			isa = PBXResourcesBuildPhase;
			buildActionMask = 2147483647;
			files = (
				D8522B7419984E2D00F59B50 /* InfoPlist.strings in Resources */,
			);
			runOnlyForDeploymentPostprocessing = 0;
		};
/* End PBXResourcesBuildPhase section */

/* Begin PBXSourcesBuildPhase section */
		D8522B4919984E2C00F59B50 /* Sources */ = {
			isa = PBXSourcesBuildPhase;
			buildActionMask = 2147483647;
			files = (
				BC6CA02D199DB7B600188872 /* DataBaseSimple.m in Sources */,
				D8522B6119984E2C00F59B50 /* AppDelegate.m in Sources */,
				BC6CA03B199DDAB400188872 /* FMDatabasePool.m in Sources */,
				BC6CA03C199DDAB400188872 /* FMDatabaseQueue.m in Sources */,
				D8522B8419984E5D00F59B50 /* ViewController2.m in Sources */,
				D8522B5D19984E2C00F59B50 /* main.m in Sources */,
				D8522B8119984E5200F59B50 /* ViewController1.m in Sources */,
				D8522B8D19984E7B00F59B50 /* ViewController5.m in Sources */,
				D8522B8719984E6700F59B50 /* ViewController3.m in Sources */,
				BC6CA03D199DDAB400188872 /* FMResultSet.m in Sources */,
				D8522B9219986CA100F59B50 /* UserModel.m in Sources */,
				D8522B8A19984E7100F59B50 /* ViewController4.m in Sources */,
				BC6CA039199DDAB400188872 /* FMDatabase.m in Sources */,
				D8522B96199873C500F59B50 /* CustomCell.m in Sources */,
				BC6CA03A199DDAB400188872 /* FMDatabaseAdditions.m in Sources */,
			);
			runOnlyForDeploymentPostprocessing = 0;
		};
		D8522B6419984E2C00F59B50 /* Sources */ = {
			isa = PBXSourcesBuildPhase;
			buildActionMask = 2147483647;
			files = (
				D8522B7619984E2D00F59B50 /* UITestDemoTests.m in Sources */,
			);
			runOnlyForDeploymentPostprocessing = 0;
		};
/* End PBXSourcesBuildPhase section */

/* Begin PBXTargetDependency section */
		D8522B6E19984E2C00F59B50 /* PBXTargetDependency */ = {
			isa = PBXTargetDependency;
			target = D8522B4C19984E2C00F59B50 /* UITestDemo */;
			targetProxy = D8522B6D19984E2C00F59B50 /* PBXContainerItemProxy */;
		};
/* End PBXTargetDependency section */

/* Begin PBXVariantGroup section */
		D8522B5919984E2C00F59B50 /* InfoPlist.strings */ = {
			isa = PBXVariantGroup;
			children = (
				D8522B5A19984E2C00F59B50 /* en */,
			);
			name = InfoPlist.strings;
			sourceTree = "<group>";
		};
		D8522B7219984E2D00F59B50 /* InfoPlist.strings */ = {
			isa = PBXVariantGroup;
			children = (
				D8522B7319984E2D00F59B50 /* en */,
			);
			name = InfoPlist.strings;
			sourceTree = "<group>";
		};
/* End PBXVariantGroup section */

/* Begin XCBuildConfiguration section */
		D8522B7719984E2D00F59B50 /* Debug */ = {
			isa = XCBuildConfiguration;
			buildSettings = {
				ALWAYS_SEARCH_USER_PATHS = NO;
				CLANG_CXX_LANGUAGE_STANDARD = "gnu++0x";
				CLANG_CXX_LIBRARY = "libc++";
				CLANG_ENABLE_MODULES = YES;
				CLANG_ENABLE_OBJC_ARC = YES;
				CLANG_WARN_BOOL_CONVERSION = YES;
				CLANG_WARN_CONSTANT_CONVERSION = YES;
				CLANG_WARN_DIRECT_OBJC_ISA_USAGE = YES_ERROR;
				CLANG_WARN_EMPTY_BODY = YES;
				CLANG_WARN_ENUM_CONVERSION = YES;
				CLANG_WARN_INT_CONVERSION = YES;
				CLANG_WARN_OBJC_ROOT_CLASS = YES_ERROR;
				CLANG_WARN__DUPLICATE_METHOD_MATCH = YES;
				"CODE_SIGN_IDENTITY[sdk=iphoneos*]" = "iPhone Developer";
				COPY_PHASE_STRIP = NO;
				GCC_C_LANGUAGE_STANDARD = gnu99;
				GCC_DYNAMIC_NO_PIC = NO;
				GCC_OPTIMIZATION_LEVEL = 0;
				GCC_PREPROCESSOR_DEFINITIONS = (
					"DEBUG=1",
					"$(inherited)",
				);
				GCC_SYMBOLS_PRIVATE_EXTERN = NO;
				GCC_WARN_64_TO_32_BIT_CONVERSION = YES;
				GCC_WARN_ABOUT_RETURN_TYPE = YES_ERROR;
				GCC_WARN_UNDECLARED_SELECTOR = YES;
				GCC_WARN_UNINITIALIZED_AUTOS = YES_AGGRESSIVE;
				GCC_WARN_UNUSED_FUNCTION = YES;
				GCC_WARN_UNUSED_VARIABLE = YES;
				IPHONEOS_DEPLOYMENT_TARGET = 7.1;
				ONLY_ACTIVE_ARCH = YES;
				SDKROOT = iphoneos;
			};
			name = Debug;
		};
		D8522B7819984E2D00F59B50 /* Release */ = {
			isa = XCBuildConfiguration;
			buildSettings = {
				ALWAYS_SEARCH_USER_PATHS = NO;
				CLANG_CXX_LANGUAGE_STANDARD = "gnu++0x";
				CLANG_CXX_LIBRARY = "libc++";
				CLANG_ENABLE_MODULES = YES;
				CLANG_ENABLE_OBJC_ARC = YES;
				CLANG_WARN_BOOL_CONVERSION = YES;
				CLANG_WARN_CONSTANT_CONVERSION = YES;
				CLANG_WARN_DIRECT_OBJC_ISA_USAGE = YES_ERROR;
				CLANG_WARN_EMPTY_BODY = YES;
				CLANG_WARN_ENUM_CONVERSION = YES;
				CLANG_WARN_INT_CONVERSION = YES;
				CLANG_WARN_OBJC_ROOT_CLASS = YES_ERROR;
				CLANG_WARN__DUPLICATE_METHOD_MATCH = YES;
				"CODE_SIGN_IDENTITY[sdk=iphoneos*]" = "iPhone Developer";
				COPY_PHASE_STRIP = YES;
				ENABLE_NS_ASSERTIONS = NO;
				GCC_C_LANGUAGE_STANDARD = gnu99;
				GCC_WARN_64_TO_32_BIT_CONVERSION = YES;
				GCC_WARN_ABOUT_RETURN_TYPE = YES_ERROR;
				GCC_WARN_UNDECLARED_SELECTOR = YES;
				GCC_WARN_UNINITIALIZED_AUTOS = YES_AGGRESSIVE;
				GCC_WARN_UNUSED_FUNCTION = YES;
				GCC_WARN_UNUSED_VARIABLE = YES;
				IPHONEOS_DEPLOYMENT_TARGET = 7.1;
				SDKROOT = iphoneos;
				VALIDATE_PRODUCT = YES;
			};
			name = Release;
		};
		D8522B7A19984E2D00F59B50 /* Debug */ = {
			isa = XCBuildConfiguration;
			buildSettings = {
				ASSETCATALOG_COMPILER_APPICON_NAME = AppIcon;
				ASSETCATALOG_COMPILER_LAUNCHIMAGE_NAME = LaunchImage;
				"CODE_SIGN_IDENTITY[sdk=iphoneos*]" = "iPhone Developer";
				DEVELOPMENT_TEAM = EFKCFCL9RB;
				GCC_PRECOMPILE_PREFIX_HEADER = YES;
				GCC_PREFIX_HEADER = "UITestDemo/UITestDemo-Prefix.pch";
				INFOPLIST_FILE = "UITestDemo/UITestDemo-Info.plist";
				IPHONEOS_DEPLOYMENT_TARGET = 7.0;
				PRODUCT_BUNDLE_IDENTIFIER = com.zhong.databaseSimple;
				PRODUCT_NAME = "$(TARGET_NAME)";
				WRAPPER_EXTENSION = app;
			};
			name = Debug;
		};
		D8522B7B19984E2D00F59B50 /* Release */ = {
			isa = XCBuildConfiguration;
			buildSettings = {
				ASSETCATALOG_COMPILER_APPICON_NAME = AppIcon;
				ASSETCATALOG_COMPILER_LAUNCHIMAGE_NAME = LaunchImage;
				"CODE_SIGN_IDENTITY[sdk=iphoneos*]" = "iPhone Developer";
				DEVELOPMENT_TEAM = EFKCFCL9RB;
				GCC_PRECOMPILE_PREFIX_HEADER = YES;
				GCC_PREFIX_HEADER = "UITestDemo/UITestDemo-Prefix.pch";
				INFOPLIST_FILE = "UITestDemo/UITestDemo-Info.plist";
				IPHONEOS_DEPLOYMENT_TARGET = 7.0;
				PRODUCT_BUNDLE_IDENTIFIER = com.zhong.databaseSimple;
				PRODUCT_NAME = "$(TARGET_NAME)";
				WRAPPER_EXTENSION = app;
			};
			name = Release;
		};
		D8522B7D19984E2D00F59B50 /* Debug */ = {
			isa = XCBuildConfiguration;
			buildSettings = {
				BUNDLE_LOADER = "$(BUILT_PRODUCTS_DIR)/UITestDemo.app/UITestDemo";
				FRAMEWORK_SEARCH_PATHS = (
					"$(SDKROOT)/Developer/Library/Frameworks",
					"$(inherited)",
					"$(DEVELOPER_FRAMEWORKS_DIR)",
				);
				GCC_PRECOMPILE_PREFIX_HEADER = YES;
				GCC_PREFIX_HEADER = "UITestDemo/UITestDemo-Prefix.pch";
				GCC_PREPROCESSOR_DEFINITIONS = (
					"DEBUG=1",
					"$(inherited)",
				);
				INFOPLIST_FILE = "UITestDemoTests/UITestDemoTests-Info.plist";
				PRODUCT_NAME = "$(TARGET_NAME)";
				TEST_HOST = "$(BUNDLE_LOADER)";
				WRAPPER_EXTENSION = xctest;
			};
			name = Debug;
		};
		D8522B7E19984E2D00F59B50 /* Release */ = {
			isa = XCBuildConfiguration;
			buildSettings = {
				BUNDLE_LOADER = "$(BUILT_PRODUCTS_DIR)/UITestDemo.app/UITestDemo";
				FRAMEWORK_SEARCH_PATHS = (
					"$(SDKROOT)/Developer/Library/Frameworks",
					"$(inherited)",
					"$(DEVELOPER_FRAMEWORKS_DIR)",
				);
				GCC_PRECOMPILE_PREFIX_HEADER = YES;
				GCC_PREFIX_HEADER = "UITestDemo/UITestDemo-Prefix.pch";
				INFOPLIST_FILE = "UITestDemoTests/UITestDemoTests-Info.plist";
				PRODUCT_NAME = "$(TARGET_NAME)";
				TEST_HOST = "$(BUNDLE_LOADER)";
				WRAPPER_EXTENSION = xctest;
			};
			name = Release;
		};
/* End XCBuildConfiguration section */

/* Begin XCConfigurationList section */
		D8522B4819984E2C00F59B50 /* Build configuration list for PBXProject "UITestDemo" */ = {
			isa = XCConfigurationList;
			buildConfigurations = (
				D8522B7719984E2D00F59B50 /* Debug */,
				D8522B7819984E2D00F59B50 /* Release */,
			);
			defaultConfigurationIsVisible = 0;
			defaultConfigurationName = Release;
		};
		D8522B7919984E2D00F59B50 /* Build configuration list for PBXNativeTarget "UITestDemo" */ = {
			isa = XCConfigurationList;
			buildConfigurations = (
				D8522B7A19984E2D00F59B50 /* Debug */,
				D8522B7B19984E2D00F59B50 /* Release */,
			);
			defaultConfigurationIsVisible = 0;
			defaultConfigurationName = Release;
		};
		D8522B7C19984E2D00F59B50 /* Build configuration list for PBXNativeTarget "UITestDemoTests" */ = {
			isa = XCConfigurationList;
			buildConfigurations = (
				D8522B7D19984E2D00F59B50 /* Debug */,
				D8522B7E19984E2D00F59B50 /* Release */,
			);
			defaultConfigurationIsVisible = 0;
			defaultConfigurationName = Release;
		};
/* End XCConfigurationList section */
	};
	rootObject = D8522B4519984E2C00F59B50 /* Project object */;
}
